
Microsoft Visual Studio Solution File, Format Version 12.00
# Visual Studio 15
VisualStudioVersion = 15.0.27703.2026
MinimumVisualStudioVersion = 10.0.40219.1
Project("{E24C65DC-7377-472B-9ABA-BC803B73C61A}") = "MaintPublisher", "MaintPublisher\", "{1AAFD507-FC5A-4DEA-86AB-E4DDF0489A04}"
	ProjectSection(WebsiteProperties) = preProject
		TargetFrameworkMoniker = ".NETFramework,Version%3Dv4.5"
		Debug.AspNetCompiler.VirtualPath = "/localhost_58481"
		Debug.AspNetCompiler.PhysicalPath = "MaintPublisher\"
		Debug.AspNetCompiler.TargetPath = "PrecompiledWeb\localhost_58481\"
		Debug.AspNetCompiler.Updateable = "true"
		Debug.AspNetCompiler.ForceOverwrite = "true"
		Debug.AspNetCompiler.FixedNames = "false"
		Debug.AspNetCompiler.Debug = "True"
		Release.AspNetCompiler.VirtualPath = "/localhost_58481"
		Release.AspNetCompiler.PhysicalPath = "MaintPublisher\"
		Release.AspNetCompiler.TargetPath = "PrecompiledWeb\localhost_58481\"
		Release.AspNetCompiler.Updateable = "true"
		Release.AspNetCompiler.ForceOverwrite = "true"
		Release.AspNetCompiler.FixedNames = "false"
		Release.AspNetCompiler.Debug = "False"
		VWDPort = "58481"
		SlnRelativePath = "MaintPublisher\"
		DefaultWebSiteLanguage = "Visual C#"
	EndProjectSection
EndProject
Global
	GlobalSection(SolutionConfigurationPlatforms) = preSolution
		Debug|Any CPU = Debug|Any CPU
	EndGlobalSection
	GlobalSection(ProjectConfigurationPlatforms) = postSolution
		{1AAFD507-FC5A-4DEA-86AB-E4DDF0489A04}.Debug|Any CPU.ActiveCfg = Debug|Any CPU
		{1AAFD507-FC5A-4DEA-86AB-E4DDF0489A04}.Debug|Any CPU.Build.0 = Debug|Any CPU
	EndGlobalSection
	GlobalSection(SolutionProperties) = preSolution
		HideSolutionNode = FALSE
	EndGlobalSection
	GlobalSection(ExtensibilityGlobals) = postSolution
		SolutionGuid = {453EC33B-49B5-4D75-B0CB-3F3B211735DF}
	EndGlobalSection
EndGlobal
